
Microsoft Visual Studio Solution File, Format Version 12.00
# Visual Studio Version 16
VisualStudioVersion = 16.0.30114.105
MinimumVisualStudioVersion = 10.0.40219.1
Project("{FAE04EC0-301F-11D3-BF4B-00C04F79EFBC}") = "Net022FinalEvent", "Net022FinalEvent.csproj", "{FB36FC8D-C57C-4C1B-BA86-DD33F77E8320}"
EndProject
Global
	GlobalSection(SolutionConfigurationPlatforms) = preSolution
		Debug|Any CPU = Debug|Any CPU
		Release|Any CPU = Release|Any CPU
	EndGlobalSection
	GlobalSection(ProjectConfigurationPlatforms) = postSolution
		{FB36FC8D-C57C-4C1B-BA86-DD33F77E8320}.Debug|Any CPU.ActiveCfg = Debug|Any CPU
		{FB36FC8D-C57C-4C1B-BA86-DD33F77E8320}.Debug|Any CPU.Build.0 = Debug|Any CPU
		{FB36FC8D-C57C-4C1B-BA86-DD33F77E8320}.Release|Any CPU.ActiveCfg = Release|Any CPU
		{FB36FC8D-C57C-4C1B-BA86-DD33F77E8320}.Release|Any CPU.Build.0 = Release|Any CPU
	EndGlobalSection
	GlobalSection(SolutionProperties) = preSolution
		HideSolutionNode = FALSE
	EndGlobalSection
	GlobalSection(ExtensibilityGlobals) = postSolution
		SolutionGuid = {59B2F241-BF98-4496-949D-D585C59F068C}
	EndGlobalSection
EndGlobal
